# This file was autogenerated by Stack.
# You should not edit this file by hand.
# For more information, please see the documentation at:
#   https://docs.haskellstack.org/en/stable/lock_files

packages:
- completed:
    hackage: containers-0.6.4.1@sha256:e9ca297369c207ff40ed561877c15928292b957a01c8551a7cbd50d665a03429,2520
    pantry-tree:
      size: 2823
      sha256: cd4689c9caa5b9774b3ec4603c3b2c06eb04b184db590afa6d107441e25cc634
  original:
    hackage: containers-0.6.4.1
- completed:
    hackage: binary-tree-0.1.0.0@sha256:ea4e5f636570eeaf27b5ba28a1adad252e5e4997063c7172c387c7574508815a,2846
    pantry-tree:
      size: 711
      sha256: 92581994d6fe0106cbb46c959a298e305d1ae54c7523d6b3893ba8525612686b
  original:
    hackage: binary-tree-0.1.0.0
- completed:
    hackage: text-1.2.4.1@sha256:e12b468008b3c2bbc1f39bd2dcb75ba8f563c65aa5e54ee223b76463a845b6f1,7184
    pantry-tree:
      size: 7720
      sha256: b1fd81329340a9c6eea4e78313d36c6a333a5de6032ec1536ff6c70a4300b46c
  original:
    hackage: text-1.2.4.1@sha256:e12b468008b3c2bbc1f39bd2dcb75ba8f563c65aa5e54ee223b76463a845b6f1,7184
- completed:
    hackage: binary-0.8.8.0@sha256:e9387a7ef2b34c6a23b09664c306e37cc01ae2cb4e4511a1c96ffb14008c24b0,6262
    pantry-tree:
      size: 1976
      sha256: 271cd1e75af293fc25a489d860f094dc635a4ed8b56aa5b343c58f4637736ca3
  original:
    hackage: binary-0.8.8.0@sha256:e9387a7ef2b34c6a23b09664c306e37cc01ae2cb4e4511a1c96ffb14008c24b0,6262
- completed:
    hackage: parsec-3.1.14.0@sha256:72d5c57e6e126adaa781ab97b19dc76f68490c0a3d88f14038219994cabe94e1,4356
    pantry-tree:
      size: 2574
      sha256: 495a86688c6e89faf38b8804cc4c9216709e9a6a93cf56c2f07d5bef83f09a17
  original:
    hackage: parsec-3.1.14.0@sha256:72d5c57e6e126adaa781ab97b19dc76f68490c0a3d88f14038219994cabe94e1,4356
- completed:
    hackage: tasty-1.4.1@sha256:69e90e965543faf0fc2c8e486d6c1d8cf81fd108e2c4541234c41490f392f94f,2638
    pantry-tree:
      size: 1873
      sha256: 0c8fb1ece12aa96b9e884a2c382bfe5f3688c0f7a69bc165bdae64674b4ffe83
  original:
    hackage: tasty-1.4.1@sha256:69e90e965543faf0fc2c8e486d6c1d8cf81fd108e2c4541234c41490f392f94f,2638
snapshots:
- completed:
    size: 567669
    url: https://raw.githubusercontent.com/commercialhaskell/stackage-snapshots/master/lts/17/12.yaml
    sha256: facf6cac73b22a83ca955b580a98a7a09ed71f8f974c7a55d28e608c23e689a9
  original: lts-17.12
